
Microsoft Visual Studio Solution File, Format Version 12.00
# Visual Studio Version 16
VisualStudioVersion = 16.0.28803.352
MinimumVisualStudioVersion = 10.0.40219.1
Project("{9A19103F-16F7-4668-BE54-9A1E7A4F7556}") = "Wentikoo", "Wentikoo\Wentikoo.csproj", "{99F9C633-2D17-4A08-8CCB-F2B03E3C155B}"
EndProject
Project("{9A19103F-16F7-4668-BE54-9A1E7A4F7556}") = "Core", "Core\Core.csproj", "{BFC7A527-180A-4DE0-A8EA-FC3F7DFCBBA6}"
EndProject
Project("{9A19103F-16F7-4668-BE54-9A1E7A4F7556}") = "DependencyResolver", "DependencyResolver\DependencyResolver.csproj", "{1721F787-4502-451C-A354-E2993D7A2515}"
EndProject
Project("{9A19103F-16F7-4668-BE54-9A1E7A4F7556}") = "Infrastructure.Data", "Infrastructures\Data\Infrastructure.Data.csproj", "{D4EDD21C-B722-4EA6-AE94-E844C4C565C8}"
EndProject
Project("{FAE04EC0-301F-11D3-BF4B-00C04F79EFBC}") = "Shop", "Shop\Shop.csproj", "{D1629053-1975-4CC2-9F06-A50C81E61980}"
EndProject
Global
	GlobalSection(SolutionConfigurationPlatforms) = preSolution
		Debug|Any CPU = Debug|Any CPU
		Release|Any CPU = Release|Any CPU
	EndGlobalSection
	GlobalSection(ProjectConfigurationPlatforms) = postSolution
		{99F9C633-2D17-4A08-8CCB-F2B03E3C155B}.Debug|Any CPU.ActiveCfg = Debug|Any CPU
		{99F9C633-2D17-4A08-8CCB-F2B03E3C155B}.Debug|Any CPU.Build.0 = Debug|Any CPU
		{99F9C633-2D17-4A08-8CCB-F2B03E3C155B}.Release|Any CPU.ActiveCfg = Release|Any CPU
		{99F9C633-2D17-4A08-8CCB-F2B03E3C155B}.Release|Any CPU.Build.0 = Release|Any CPU
		{BFC7A527-180A-4DE0-A8EA-FC3F7DFCBBA6}.Debug|Any CPU.ActiveCfg = Debug|Any CPU
		{BFC7A527-180A-4DE0-A8EA-FC3F7DFCBBA6}.Debug|Any CPU.Build.0 = Debug|Any CPU
		{BFC7A527-180A-4DE0-A8EA-FC3F7DFCBBA6}.Release|Any CPU.ActiveCfg = Release|Any CPU
		{BFC7A527-180A-4DE0-A8EA-FC3F7DFCBBA6}.Release|Any CPU.Build.0 = Release|Any CPU
		{1721F787-4502-451C-A354-E2993D7A2515}.Debug|Any CPU.ActiveCfg = Debug|Any CPU
		{1721F787-4502-451C-A354-E2993D7A2515}.Debug|Any CPU.Build.0 = Debug|Any CPU
		{1721F787-4502-451C-A354-E2993D7A2515}.Release|Any CPU.ActiveCfg = Release|Any CPU
		{1721F787-4502-451C-A354-E2993D7A2515}.Release|Any CPU.Build.0 = Release|Any CPU
		{D4EDD21C-B722-4EA6-AE94-E844C4C565C8}.Debug|Any CPU.ActiveCfg = Debug|Any CPU
		{D4EDD21C-B722-4EA6-AE94-E844C4C565C8}.Debug|Any CPU.Build.0 = Debug|Any CPU
		{D4EDD21C-B722-4EA6-AE94-E844C4C565C8}.Release|Any CPU.ActiveCfg = Release|Any CPU
		{D4EDD21C-B722-4EA6-AE94-E844C4C565C8}.Release|Any CPU.Build.0 = Release|Any CPU
		{D1629053-1975-4CC2-9F06-A50C81E61980}.Debug|Any CPU.ActiveCfg = Debug|Any CPU
		{D1629053-1975-4CC2-9F06-A50C81E61980}.Debug|Any CPU.Build.0 = Debug|Any CPU
		{D1629053-1975-4CC2-9F06-A50C81E61980}.Release|Any CPU.ActiveCfg = Release|Any CPU
		{D1629053-1975-4CC2-9F06-A50C81E61980}.Release|Any CPU.Build.0 = Release|Any CPU
	EndGlobalSection
	GlobalSection(SolutionProperties) = preSolution
		HideSolutionNode = FALSE
	EndGlobalSection
	GlobalSection(ExtensibilityGlobals) = postSolution
		SolutionGuid = {0A06C6B7-0EEE-490E-B268-CCD64D6F30BB}
	EndGlobalSection
EndGlobal
